
Microsoft Visual Studio Solution File, Format Version 12.00
# Visual Studio Version 17
VisualStudioVersion = 17.9.34701.34
MinimumVisualStudioVersion = 10.0.40219.1
Project("{FAE04EC0-301F-11D3-BF4B-00C04F79EFBC}") = "Breakout", "Breakout.csproj", "{BA70BA70-D2FD-41E5-8F3C-1B8B2BD84D81}"
EndProject
Global
	GlobalSection(SolutionConfigurationPlatforms) = preSolution
		Debug|Any CPU = Debug|Any CPU
		Release|Any CPU = Release|Any CPU
	EndGlobalSection
	GlobalSection(ProjectConfigurationPlatforms) = postSolution
		{BA70BA70-D2FD-41E5-8F3C-1B8B2BD84D81}.Debug|Any CPU.ActiveCfg = Debug|Any CPU
		{BA70BA70-D2FD-41E5-8F3C-1B8B2BD84D81}.Debug|Any CPU.Build.0 = Debug|Any CPU
		{BA70BA70-D2FD-41E5-8F3C-1B8B2BD84D81}.Release|Any CPU.ActiveCfg = Release|Any CPU
		{BA70BA70-D2FD-41E5-8F3C-1B8B2BD84D81}.Release|Any CPU.Build.0 = Release|Any CPU
	EndGlobalSection
	GlobalSection(SolutionProperties) = preSolution
		HideSolutionNode = FALSE
	EndGlobalSection
	GlobalSection(ExtensibilityGlobals) = postSolution
		SolutionGuid = {6F257F89-7D0A-41E5-8983-8543A31BE767}
	EndGlobalSection
EndGlobal
